
Microsoft Visual Studio Solution File, Format Version 12.00
# Visual Studio Version 17
VisualStudioVersion = 17.12.35527.113
MinimumVisualStudioVersion = 10.0.40219.1
Project("{2150E333-8FDC-42A3-9474-1A3956D46DE8}") = "Task0", "Task0", "{E4A9850D-B5BD-4D6F-8ACB-91DBB79AA6D5}"
EndProject
Project("{FAE04EC0-301F-11D3-BF4B-00C04F79EFBC}") = "Tyuiu.MarkovSE.Sprint3.Task0.V13", "Tyuiu.MarkovSE.Sprint3.Task0.V13\Tyuiu.MarkovSE.Sprint3.Task0.V13.csproj", "{4A4EB768-F389-40B8-BA24-3967E6691C7F}"
EndProject
Project("{FAE04EC0-301F-11D3-BF4B-00C04F79EFBC}") = "Tyuiu.MarkovSE.Sprint3.Task0.V13.Lib", "Tyuiu.MarkovSE.Sprint3.Task0.V13.Lib\Tyuiu.MarkovSE.Sprint3.Task0.V13.Lib.csproj", "{F0F0D4D5-787C-4FC7-BE12-72B1E35DCA5B}"
EndProject
Project("{FAE04EC0-301F-11D3-BF4B-00C04F79EFBC}") = "Tyuiu.MarkovSE.Sprint3.Task0.V13.Test", "Tyuiu.MarkovSE.Sprint3.Task0.V13.Test\Tyuiu.MarkovSE.Sprint3.Task0.V13.Test.csproj", "{3C66EDBD-2EEA-4531-9190-EB9A53DB48E4}"
EndProject
Project("{2150E333-8FDC-42A3-9474-1A3956D46DE8}") = "Task1", "Task1", "{A822002D-C9E9-41C6-B468-1E1DE7F054BD}"
EndProject
Project("{FAE04EC0-301F-11D3-BF4B-00C04F79EFBC}") = "Tyuiu.MarkovSE.Sprint3.Task1.V23", "Tyuiu.MarkovSE.Sprint3.Task1.V23\Tyuiu.MarkovSE.Sprint3.Task1.V23.csproj", "{3C5DBEBB-AFD4-4661-AB44-F18B0814E364}"
EndProject
Project("{FAE04EC0-301F-11D3-BF4B-00C04F79EFBC}") = "Tyuiu.MarkovSE.Sprint3.Task1.V23.Lib", "Tyuiu.MarkovSE.Sprint3.Task1.V23.Lib\Tyuiu.MarkovSE.Sprint3.Task1.V23.Lib.csproj", "{34260B5F-EE71-49A5-8955-88CCFF0156F7}"
EndProject
Project("{FAE04EC0-301F-11D3-BF4B-00C04F79EFBC}") = "Tyuiu.MarkovSE.Sprint3.Task1.V23.Test", "Tyuiu.MarkovSE.Sprint3.Task1.V23.Test\Tyuiu.MarkovSE.Sprint3.Task1.V23.Test.csproj", "{8512CF1F-8269-4128-943E-89A5FEADBB45}"
EndProject
Project("{2150E333-8FDC-42A3-9474-1A3956D46DE8}") = "Task3", "Task3", "{459C28DD-748A-4429-B91D-CAFE579BD0C7}"
EndProject
Project("{FAE04EC0-301F-11D3-BF4B-00C04F79EFBC}") = "Tyuiu.MarkovSE.Sprint3.Task3.V2", "Tyuiu.MarkovSE.Sprint3.Task3.V2\Tyuiu.MarkovSE.Sprint3.Task3.V2.csproj", "{CC84F46A-E45F-4532-A1EF-E50094E3BC60}"
EndProject
Project("{FAE04EC0-301F-11D3-BF4B-00C04F79EFBC}") = "Tyuiu.MarkovSE.Sprint3.Task3.V2.Lib", "Tyuiu.MarkovSE.Sprint3.Task3.V2.Lib\Tyuiu.MarkovSE.Sprint3.Task3.V2.Lib.csproj", "{2068977F-CB48-4319-8E3A-EEED97B38430}"
EndProject
Project("{FAE04EC0-301F-11D3-BF4B-00C04F79EFBC}") = "Tyuiu.MarkovSE.Sprint3.Task3.V2.Test", "Tyuiu.MarkovSE.Sprint3.Task3.V2.Test\Tyuiu.MarkovSE.Sprint3.Task3.V2.Test.csproj", "{18CF7734-0B6C-4871-8AC9-6EEE02875B1D}"
EndProject
Project("{2150E333-8FDC-42A3-9474-1A3956D46DE8}") = "Task4", "Task4", "{D1A86DAC-804A-4669-8D53-49DDF900C679}"
EndProject
Project("{FAE04EC0-301F-11D3-BF4B-00C04F79EFBC}") = "Tyuiu.MarkovSE.Sprint3.Task4.V26", "Tyuiu.MarkovSE.Sprint3.Task4.V26\Tyuiu.MarkovSE.Sprint3.Task4.V26.csproj", "{397F809D-730C-4F64-9066-9CAC1BEB7BAB}"
EndProject
Project("{FAE04EC0-301F-11D3-BF4B-00C04F79EFBC}") = "Tyuiu.MarkovSE.Sprint3.Task4.V26.Lib", "Tyuiu.MarkovSE.Sprint3.Task4.V26.Lib\Tyuiu.MarkovSE.Sprint3.Task4.V26.Lib.csproj", "{C44AEB9D-AC2D-4396-B06B-08B785CABB93}"
EndProject
Project("{FAE04EC0-301F-11D3-BF4B-00C04F79EFBC}") = "Tyuiu.MarkovSE.Sprint3.Task4.V26.Test", "Tyuiu.MarkovSE.Sprint3.Task4.V26.Test\Tyuiu.MarkovSE.Sprint3.Task4.V26.Test.csproj", "{70DFEA97-C626-4000-9CA0-58DC57DDC1C5}"
EndProject
Project("{2150E333-8FDC-42A3-9474-1A3956D46DE8}") = "Task5", "Task5", "{01AE9CA5-382B-4072-A551-AF69993F47BD}"
EndProject
Project("{FAE04EC0-301F-11D3-BF4B-00C04F79EFBC}") = "Tyuiu.MarkovSE.Sprint3.Task5.V19", "Tyuiu.MarkovSE.Sprint3.Task5.V4\Tyuiu.MarkovSE.Sprint3.Task5.V19.csproj", "{2EA06C2B-ADC4-4E32-B2E4-8850AACA9F9E}"
EndProject
Project("{FAE04EC0-301F-11D3-BF4B-00C04F79EFBC}") = "Tyuiu.MarkovSE.Sprint3.Task5.V19.Lib", "Tyuiu.MarkovSE.Sprint3.Task5.V4.Lib\Tyuiu.MarkovSE.Sprint3.Task5.V19.Lib.csproj", "{DBF93BC6-F28B-4CAB-B30C-941EDD46239D}"
EndProject
Project("{FAE04EC0-301F-11D3-BF4B-00C04F79EFBC}") = "Tyuiu.MarkovSE.Sprint3.Task5.V19.Test", "Tyuiu.MarkovSE.Sprint3.Task5.V4.Test\Tyuiu.MarkovSE.Sprint3.Task5.V19.Test.csproj", "{FAF577D0-9B35-453E-85E3-E8F1FD038C32}"
EndProject
Project("{2150E333-8FDC-42A3-9474-1A3956D46DE8}") = "Task6", "Task6", "{16FE1593-DC3D-4353-98FD-6A74847AE05D}"
EndProject
Project("{FAE04EC0-301F-11D3-BF4B-00C04F79EFBC}") = "Tyuiu.MarkovSE.Sprint3.Task6.V10", "Tyuiu.MarkovSE.Sprint3.Task6.V10\Tyuiu.MarkovSE.Sprint3.Task6.V10.csproj", "{69A348F3-71F0-4B1F-96D3-8925AF81F5DF}"
EndProject
Project("{FAE04EC0-301F-11D3-BF4B-00C04F79EFBC}") = "Tyuiu.MarkovSE.Sprint3.Task6.V10.Lib", "Tyuiu.MarkovSE.Sprint3.Task6.V10.Lib\Tyuiu.MarkovSE.Sprint3.Task6.V10.Lib.csproj", "{26827986-A3CC-4B95-AE08-B04626A337B5}"
EndProject
Project("{FAE04EC0-301F-11D3-BF4B-00C04F79EFBC}") = "Tyuiu.MarkovSE.Sprint3.Task6.V10.Test", "Tyuiu.MarkovSE.Sprint3.Task6.V10.Test\Tyuiu.MarkovSE.Sprint3.Task6.V10.Test.csproj", "{64F2B5CC-D4CA-4AF5-AD84-4CD4047ED7AA}"
EndProject
Project("{2150E333-8FDC-42A3-9474-1A3956D46DE8}") = "Task7", "Task7", "{F5818A0B-3215-4634-B6B1-AA667CA9F28A}"
EndProject
Project("{FAE04EC0-301F-11D3-BF4B-00C04F79EFBC}") = "Tyuiu.MarkovSE.Sprint3.Task7.V30", "Tyuiu.MarkovSE.Sprint3.Task7.V30\Tyuiu.MarkovSE.Sprint3.Task7.V30.csproj", "{A2E2B64F-E045-4862-8EB3-408F21750448}"
EndProject
Project("{FAE04EC0-301F-11D3-BF4B-00C04F79EFBC}") = "Tyuiu.MarkovSE.Sprint3.Task7.V30.Lib", "Tyuiu.MarkovSE.Sprint3.Task7.V30.Lib\Tyuiu.MarkovSE.Sprint3.Task7.V30.Lib.csproj", "{350C2BEA-F1E7-47D5-B8D2-0FE95935DC98}"
EndProject
Project("{FAE04EC0-301F-11D3-BF4B-00C04F79EFBC}") = "Tyuiu.MarkovSE.Sprint3.Task7.V30.Test", "Tyuiu.MarkovSE.Sprint3.Task7.V30.Test\Tyuiu.MarkovSE.Sprint3.Task7.V30.Test.csproj", "{926817C1-E053-4D6F-A95C-03E430D1BC25}"
EndProject
Project("{2150E333-8FDC-42A3-9474-1A3956D46DE8}") = "Task2", "Task2", "{36D591C7-65C7-A0D1-1CBC-10CDE441BDC8}"
EndProject
Project("{FAE04EC0-301F-11D3-BF4B-00C04F79EFBC}") = "Tyuiu.MarkovSE.Sprint3.Task2.V22", "Tyuiu.MarkovSE.Sprint3.Task2.V22\Tyuiu.MarkovSE.Sprint3.Task2.V22.csproj", "{A34D97CE-CFFC-4531-A7AB-0354F5E100BB}"
EndProject
Project("{FAE04EC0-301F-11D3-BF4B-00C04F79EFBC}") = "Tyuiu.MarkovSE.Sprint3.Task2.V22.Lib", "Tyuiu.MarkovSE.Sprint3.Task2.V22.Lib\Tyuiu.MarkovSE.Sprint3.Task2.V22.Lib.csproj", "{C5CBD8D8-92AC-467A-B3F6-6B94982B0DC1}"
EndProject
Project("{FAE04EC0-301F-11D3-BF4B-00C04F79EFBC}") = "Tyuiu.MarkovSE.Sprint3.Task2.V22.Test", "Tyuiu.MarkovSE.Sprint3.Task2.V22.Test\Tyuiu.MarkovSE.Sprint3.Task2.V22.Test.csproj", "{3FDECE4C-0943-429C-AC33-21D335A344DB}"
EndProject
Global
	GlobalSection(SolutionConfigurationPlatforms) = preSolution
		Debug|Any CPU = Debug|Any CPU
		Release|Any CPU = Release|Any CPU
	EndGlobalSection
	GlobalSection(ProjectConfigurationPlatforms) = postSolution
		{4A4EB768-F389-40B8-BA24-3967E6691C7F}.Debug|Any CPU.ActiveCfg = Debug|Any CPU
		{4A4EB768-F389-40B8-BA24-3967E6691C7F}.Debug|Any CPU.Build.0 = Debug|Any CPU
		{4A4EB768-F389-40B8-BA24-3967E6691C7F}.Release|Any CPU.ActiveCfg = Release|Any CPU
		{4A4EB768-F389-40B8-BA24-3967E6691C7F}.Release|Any CPU.Build.0 = Release|Any CPU
		{F0F0D4D5-787C-4FC7-BE12-72B1E35DCA5B}.Debug|Any CPU.ActiveCfg = Debug|Any CPU
		{F0F0D4D5-787C-4FC7-BE12-72B1E35DCA5B}.Debug|Any CPU.Build.0 = Debug|Any CPU
		{F0F0D4D5-787C-4FC7-BE12-72B1E35DCA5B}.Release|Any CPU.ActiveCfg = Release|Any CPU
		{F0F0D4D5-787C-4FC7-BE12-72B1E35DCA5B}.Release|Any CPU.Build.0 = Release|Any CPU
		{3C66EDBD-2EEA-4531-9190-EB9A53DB48E4}.Debug|Any CPU.ActiveCfg = Debug|Any CPU
		{3C66EDBD-2EEA-4531-9190-EB9A53DB48E4}.Debug|Any CPU.Build.0 = Debug|Any CPU
		{3C66EDBD-2EEA-4531-9190-EB9A53DB48E4}.Release|Any CPU.ActiveCfg = Release|Any CPU
		{3C66EDBD-2EEA-4531-9190-EB9A53DB48E4}.Release|Any CPU.Build.0 = Release|Any CPU
		{3C5DBEBB-AFD4-4661-AB44-F18B0814E364}.Debug|Any CPU.ActiveCfg = Debug|Any CPU
		{3C5DBEBB-AFD4-4661-AB44-F18B0814E364}.Debug|Any CPU.Build.0 = Debug|Any CPU
		{3C5DBEBB-AFD4-4661-AB44-F18B0814E364}.Release|Any CPU.ActiveCfg = Release|Any CPU
		{3C5DBEBB-AFD4-4661-AB44-F18B0814E364}.Release|Any CPU.Build.0 = Release|Any CPU
		{34260B5F-EE71-49A5-8955-88CCFF0156F7}.Debug|Any CPU.ActiveCfg = Debug|Any CPU
		{34260B5F-EE71-49A5-8955-88CCFF0156F7}.Debug|Any CPU.Build.0 = Debug|Any CPU
		{34260B5F-EE71-49A5-8955-88CCFF0156F7}.Release|Any CPU.ActiveCfg = Release|Any CPU
		{34260B5F-EE71-49A5-8955-88CCFF0156F7}.Release|Any CPU.Build.0 = Release|Any CPU
		{8512CF1F-8269-4128-943E-89A5FEADBB45}.Debug|Any CPU.ActiveCfg = Debug|Any CPU
		{8512CF1F-8269-4128-943E-89A5FEADBB45}.Debug|Any CPU.Build.0 = Debug|Any CPU
		{8512CF1F-8269-4128-943E-89A5FEADBB45}.Release|Any CPU.ActiveCfg = Release|Any CPU
		{8512CF1F-8269-4128-943E-89A5FEADBB45}.Release|Any CPU.Build.0 = Release|Any CPU
		{CC84F46A-E45F-4532-A1EF-E50094E3BC60}.Debug|Any CPU.ActiveCfg = Debug|Any CPU
		{CC84F46A-E45F-4532-A1EF-E50094E3BC60}.Debug|Any CPU.Build.0 = Debug|Any CPU
		{CC84F46A-E45F-4532-A1EF-E50094E3BC60}.Release|Any CPU.ActiveCfg = Release|Any CPU
		{CC84F46A-E45F-4532-A1EF-E50094E3BC60}.Release|Any CPU.Build.0 = Release|Any CPU
		{2068977F-CB48-4319-8E3A-EEED97B38430}.Debug|Any CPU.ActiveCfg = Debug|Any CPU
		{2068977F-CB48-4319-8E3A-EEED97B38430}.Debug|Any CPU.Build.0 = Debug|Any CPU
		{2068977F-CB48-4319-8E3A-EEED97B38430}.Release|Any CPU.ActiveCfg = Release|Any CPU
		{2068977F-CB48-4319-8E3A-EEED97B38430}.Release|Any CPU.Build.0 = Release|Any CPU
		{18CF7734-0B6C-4871-8AC9-6EEE02875B1D}.Debug|Any CPU.ActiveCfg = Debug|Any CPU
		{18CF7734-0B6C-4871-8AC9-6EEE02875B1D}.Debug|Any CPU.Build.0 = Debug|Any CPU
		{18CF7734-0B6C-4871-8AC9-6EEE02875B1D}.Release|Any CPU.ActiveCfg = Release|Any CPU
		{18CF7734-0B6C-4871-8AC9-6EEE02875B1D}.Release|Any CPU.Build.0 = Release|Any CPU
		{397F809D-730C-4F64-9066-9CAC1BEB7BAB}.Debug|Any CPU.ActiveCfg = Debug|Any CPU
		{397F809D-730C-4F64-9066-9CAC1BEB7BAB}.Debug|Any CPU.Build.0 = Debug|Any CPU
		{397F809D-730C-4F64-9066-9CAC1BEB7BAB}.Release|Any CPU.ActiveCfg = Release|Any CPU
		{397F809D-730C-4F64-9066-9CAC1BEB7BAB}.Release|Any CPU.Build.0 = Release|Any CPU
		{C44AEB9D-AC2D-4396-B06B-08B785CABB93}.Debug|Any CPU.ActiveCfg = Debug|Any CPU
		{C44AEB9D-AC2D-4396-B06B-08B785CABB93}.Debug|Any CPU.Build.0 = Debug|Any CPU
		{C44AEB9D-AC2D-4396-B06B-08B785CABB93}.Release|Any CPU.ActiveCfg = Release|Any CPU
		{C44AEB9D-AC2D-4396-B06B-08B785CABB93}.Release|Any CPU.Build.0 = Release|Any CPU
		{70DFEA97-C626-4000-9CA0-58DC57DDC1C5}.Debug|Any CPU.ActiveCfg = Debug|Any CPU
		{70DFEA97-C626-4000-9CA0-58DC57DDC1C5}.Debug|Any CPU.Build.0 = Debug|Any CPU
		{70DFEA97-C626-4000-9CA0-58DC57DDC1C5}.Release|Any CPU.ActiveCfg = Release|Any CPU
		{70DFEA97-C626-4000-9CA0-58DC57DDC1C5}.Release|Any CPU.Build.0 = Release|Any CPU
		{2EA06C2B-ADC4-4E32-B2E4-8850AACA9F9E}.Debug|Any CPU.ActiveCfg = Debug|Any CPU
		{2EA06C2B-ADC4-4E32-B2E4-8850AACA9F9E}.Debug|Any CPU.Build.0 = Debug|Any CPU
		{2EA06C2B-ADC4-4E32-B2E4-8850AACA9F9E}.Release|Any CPU.ActiveCfg = Release|Any CPU
		{2EA06C2B-ADC4-4E32-B2E4-8850AACA9F9E}.Release|Any CPU.Build.0 = Release|Any CPU
		{DBF93BC6-F28B-4CAB-B30C-941EDD46239D}.Debug|Any CPU.ActiveCfg = Debug|Any CPU
		{DBF93BC6-F28B-4CAB-B30C-941EDD46239D}.Debug|Any CPU.Build.0 = Debug|Any CPU
		{DBF93BC6-F28B-4CAB-B30C-941EDD46239D}.Release|Any CPU.ActiveCfg = Release|Any CPU
		{DBF93BC6-F28B-4CAB-B30C-941EDD46239D}.Release|Any CPU.Build.0 = Release|Any CPU
		{FAF577D0-9B35-453E-85E3-E8F1FD038C32}.Debug|Any CPU.ActiveCfg = Debug|Any CPU
		{FAF577D0-9B35-453E-85E3-E8F1FD038C32}.Debug|Any CPU.Build.0 = Debug|Any CPU
		{FAF577D0-9B35-453E-85E3-E8F1FD038C32}.Release|Any CPU.ActiveCfg = Release|Any CPU
		{FAF577D0-9B35-453E-85E3-E8F1FD038C32}.Release|Any CPU.Build.0 = Release|Any CPU
		{69A348F3-71F0-4B1F-96D3-8925AF81F5DF}.Debug|Any CPU.ActiveCfg = Debug|Any CPU
		{69A348F3-71F0-4B1F-96D3-8925AF81F5DF}.Debug|Any CPU.Build.0 = Debug|Any CPU
		{69A348F3-71F0-4B1F-96D3-8925AF81F5DF}.Release|Any CPU.ActiveCfg = Release|Any CPU
		{69A348F3-71F0-4B1F-96D3-8925AF81F5DF}.Release|Any CPU.Build.0 = Release|Any CPU
		{26827986-A3CC-4B95-AE08-B04626A337B5}.Debug|Any CPU.ActiveCfg = Debug|Any CPU
		{26827986-A3CC-4B95-AE08-B04626A337B5}.Debug|Any CPU.Build.0 = Debug|Any CPU
		{26827986-A3CC-4B95-AE08-B04626A337B5}.Release|Any CPU.ActiveCfg = Release|Any CPU
		{26827986-A3CC-4B95-AE08-B04626A337B5}.Release|Any CPU.Build.0 = Release|Any CPU
		{64F2B5CC-D4CA-4AF5-AD84-4CD4047ED7AA}.Debug|Any CPU.ActiveCfg = Debug|Any CPU
		{64F2B5CC-D4CA-4AF5-AD84-4CD4047ED7AA}.Debug|Any CPU.Build.0 = Debug|Any CPU
		{64F2B5CC-D4CA-4AF5-AD84-4CD4047ED7AA}.Release|Any CPU.ActiveCfg = Release|Any CPU
		{64F2B5CC-D4CA-4AF5-AD84-4CD4047ED7AA}.Release|Any CPU.Build.0 = Release|Any CPU
		{A2E2B64F-E045-4862-8EB3-408F21750448}.Debug|Any CPU.ActiveCfg = Debug|Any CPU
		{A2E2B64F-E045-4862-8EB3-408F21750448}.Debug|Any CPU.Build.0 = Debug|Any CPU
		{A2E2B64F-E045-4862-8EB3-408F21750448}.Release|Any CPU.ActiveCfg = Release|Any CPU
		{A2E2B64F-E045-4862-8EB3-408F21750448}.Release|Any CPU.Build.0 = Release|Any CPU
		{350C2BEA-F1E7-47D5-B8D2-0FE95935DC98}.Debug|Any CPU.ActiveCfg = Debug|Any CPU
		{350C2BEA-F1E7-47D5-B8D2-0FE95935DC98}.Debug|Any CPU.Build.0 = Debug|Any CPU
		{350C2BEA-F1E7-47D5-B8D2-0FE95935DC98}.Release|Any CPU.ActiveCfg = Release|Any CPU
		{350C2BEA-F1E7-47D5-B8D2-0FE95935DC98}.Release|Any CPU.Build.0 = Release|Any CPU
		{926817C1-E053-4D6F-A95C-03E430D1BC25}.Debug|Any CPU.ActiveCfg = Debug|Any CPU
		{926817C1-E053-4D6F-A95C-03E430D1BC25}.Debug|Any CPU.Build.0 = Debug|Any CPU
		{926817C1-E053-4D6F-A95C-03E430D1BC25}.Release|Any CPU.ActiveCfg = Release|Any CPU
		{926817C1-E053-4D6F-A95C-03E430D1BC25}.Release|Any CPU.Build.0 = Release|Any CPU
		{A34D97CE-CFFC-4531-A7AB-0354F5E100BB}.Debug|Any CPU.ActiveCfg = Debug|Any CPU
		{A34D97CE-CFFC-4531-A7AB-0354F5E100BB}.Debug|Any CPU.Build.0 = Debug|Any CPU
		{A34D97CE-CFFC-4531-A7AB-0354F5E100BB}.Release|Any CPU.ActiveCfg = Release|Any CPU
		{A34D97CE-CFFC-4531-A7AB-0354F5E100BB}.Release|Any CPU.Build.0 = Release|Any CPU
		{C5CBD8D8-92AC-467A-B3F6-6B94982B0DC1}.Debug|Any CPU.ActiveCfg = Debug|Any CPU
		{C5CBD8D8-92AC-467A-B3F6-6B94982B0DC1}.Debug|Any CPU.Build.0 = Debug|Any CPU
		{C5CBD8D8-92AC-467A-B3F6-6B94982B0DC1}.Release|Any CPU.ActiveCfg = Release|Any CPU
		{C5CBD8D8-92AC-467A-B3F6-6B94982B0DC1}.Release|Any CPU.Build.0 = Release|Any CPU
		{3FDECE4C-0943-429C-AC33-21D335A344DB}.Debug|Any CPU.ActiveCfg = Debug|Any CPU
		{3FDECE4C-0943-429C-AC33-21D335A344DB}.Debug|Any CPU.Build.0 = Debug|Any CPU
		{3FDECE4C-0943-429C-AC33-21D335A344DB}.Release|Any CPU.ActiveCfg = Release|Any CPU
		{3FDECE4C-0943-429C-AC33-21D335A344DB}.Release|Any CPU.Build.0 = Release|Any CPU
	EndGlobalSection
	GlobalSection(SolutionProperties) = preSolution
		HideSolutionNode = FALSE
	EndGlobalSection
	GlobalSection(NestedProjects) = preSolution
		{4A4EB768-F389-40B8-BA24-3967E6691C7F} = {E4A9850D-B5BD-4D6F-8ACB-91DBB79AA6D5}
		{F0F0D4D5-787C-4FC7-BE12-72B1E35DCA5B} = {E4A9850D-B5BD-4D6F-8ACB-91DBB79AA6D5}
		{3C66EDBD-2EEA-4531-9190-EB9A53DB48E4} = {E4A9850D-B5BD-4D6F-8ACB-91DBB79AA6D5}
		{3C5DBEBB-AFD4-4661-AB44-F18B0814E364} = {A822002D-C9E9-41C6-B468-1E1DE7F054BD}
		{34260B5F-EE71-49A5-8955-88CCFF0156F7} = {A822002D-C9E9-41C6-B468-1E1DE7F054BD}
		{8512CF1F-8269-4128-943E-89A5FEADBB45} = {A822002D-C9E9-41C6-B468-1E1DE7F054BD}
		{CC84F46A-E45F-4532-A1EF-E50094E3BC60} = {459C28DD-748A-4429-B91D-CAFE579BD0C7}
		{2068977F-CB48-4319-8E3A-EEED97B38430} = {459C28DD-748A-4429-B91D-CAFE579BD0C7}
		{18CF7734-0B6C-4871-8AC9-6EEE02875B1D} = {459C28DD-748A-4429-B91D-CAFE579BD0C7}
		{397F809D-730C-4F64-9066-9CAC1BEB7BAB} = {D1A86DAC-804A-4669-8D53-49DDF900C679}
		{C44AEB9D-AC2D-4396-B06B-08B785CABB93} = {D1A86DAC-804A-4669-8D53-49DDF900C679}
		{70DFEA97-C626-4000-9CA0-58DC57DDC1C5} = {D1A86DAC-804A-4669-8D53-49DDF900C679}
		{2EA06C2B-ADC4-4E32-B2E4-8850AACA9F9E} = {01AE9CA5-382B-4072-A551-AF69993F47BD}
		{DBF93BC6-F28B-4CAB-B30C-941EDD46239D} = {01AE9CA5-382B-4072-A551-AF69993F47BD}
		{FAF577D0-9B35-453E-85E3-E8F1FD038C32} = {01AE9CA5-382B-4072-A551-AF69993F47BD}
		{69A348F3-71F0-4B1F-96D3-8925AF81F5DF} = {16FE1593-DC3D-4353-98FD-6A74847AE05D}
		{26827986-A3CC-4B95-AE08-B04626A337B5} = {16FE1593-DC3D-4353-98FD-6A74847AE05D}
		{64F2B5CC-D4CA-4AF5-AD84-4CD4047ED7AA} = {16FE1593-DC3D-4353-98FD-6A74847AE05D}
		{A2E2B64F-E045-4862-8EB3-408F21750448} = {F5818A0B-3215-4634-B6B1-AA667CA9F28A}
		{350C2BEA-F1E7-47D5-B8D2-0FE95935DC98} = {F5818A0B-3215-4634-B6B1-AA667CA9F28A}
		{926817C1-E053-4D6F-A95C-03E430D1BC25} = {F5818A0B-3215-4634-B6B1-AA667CA9F28A}
		{A34D97CE-CFFC-4531-A7AB-0354F5E100BB} = {36D591C7-65C7-A0D1-1CBC-10CDE441BDC8}
		{C5CBD8D8-92AC-467A-B3F6-6B94982B0DC1} = {36D591C7-65C7-A0D1-1CBC-10CDE441BDC8}
		{3FDECE4C-0943-429C-AC33-21D335A344DB} = {36D591C7-65C7-A0D1-1CBC-10CDE441BDC8}
	EndGlobalSection
	GlobalSection(ExtensibilityGlobals) = postSolution
		SolutionGuid = {B34F3EA7-0085-414A-9CE6-5A202FB3F91F}
	EndGlobalSection
EndGlobal
